PODS:
  - FBAEMKit (17.3.0):
    - FBSDKCoreKit_Basics (= 17.3.0)
  - FBSDKCoreKit (17.3.0):
    - FBAEMKit (= 17.3.0)
    - FBSDKCoreKit_Basics (= 17.3.0)
  - FBSDKCoreKit_Basics (17.3.0)
  - FBSDKShareKit (17.3.0):
    - FBSDKCoreKit (= 17.3.0)
  - Flutter (1.0.0)
  - image_picker_ios (0.0.1):
    - Flutter
  - path_provider_foundation (0.0.1):
    - Flutter
    - FlutterMacOS
  - social_share (0.0.1):
    - FBSDKCoreKit (= 17.3.0)
    - FBSDKShareKit (= 17.3.0)
    - Flutter

DEPENDENCIES:
  - Flutter (from `Flutter`)
  - image_picker_ios (from `.symlinks/plugins/image_picker_ios/ios`)
  - path_provider_foundation (from `.symlinks/plugins/path_provider_foundation/darwin`)
  - social_share (from `.symlinks/plugins/social_share/ios`)

SPEC REPOS:
  trunk:
    - FBAEMKit
    - FBSDKCoreKit
    - FBSDKCoreKit_Basics
    - FBSDKShareKit

EXTERNAL SOURCES:
  Flutter:
    :path: Flutter
  image_picker_ios:
    :path: ".symlinks/plugins/image_picker_ios/ios"
  path_provider_foundation:
    :path: ".symlinks/plugins/path_provider_foundation/darwin"
  social_share:
    :path: ".symlinks/plugins/social_share/ios"

SPEC CHECKSUMS:
  FBAEMKit: 92f488a9c97208e2f6f01655750944d213fbc0b0
  FBSDKCoreKit: 1be47a742ccdddf8dd85272c3953534214dc0f30
  FBSDKCoreKit_Basics: fcafe75f7deeed1146d04ea51b45a69731e63c16
  FBSDKShareKit: e96f20fc2f6f68d25ae310a0f64f147f25ef66a4
  Flutter: e0871f40cf51350855a761d2e70bf5af5b9b5de7
  image_picker_ios: 4a8aadfbb6dc30ad5141a2ce3832af9214a705b5
  path_provider_foundation: eaf5b3e458fc0e5fbb9940fb09980e853fe058b8
  social_share: 8bdb65f559212cdd0201e22d5d9df0fd3ee54ac1

PODFILE CHECKSUM: 1a782344d33c12ced0182eeab11e8668d253eb48

COCOAPODS: 1.15.2
